
Microsoft Visual Studio Solution File, Format Version 12.00
# Visual Studio Version 16
VisualStudioVersion = 25.0.1706.7
MinimumVisualStudioVersion = 10.0.40219.1
Project("{FAE04EC0-301F-11D3-BF4B-00C04F79EFBC}") = "SignalRApi", "SignalRApi\SignalRApi.csproj", "{B7432C42-2FEA-44F6-82F9-A40441C258AE}"
EndProject
Project("{FAE04EC0-301F-11D3-BF4B-00C04F79EFBC}") = "SignalRWebUI", "SignalRWebUI\SignalRWebUI.csproj", "{91E7CC95-A84C-437B-BCD3-A80604732598}"
EndProject
Project("{FAE04EC0-301F-11D3-BF4B-00C04F79EFBC}") = "SignalR.EntityLayer", "SignalR.EntityLayer\SignalR.EntityLayer.csproj", "{41409375-3186-4180-93F2-F8B1D819AF77}"
EndProject
Project("{FAE04EC0-301F-11D3-BF4B-00C04F79EFBC}") = "SignalR.DataAccessLayer", "SignalR.DataAccessLayer\SignalR.DataAccessLayer.csproj", "{502A80CA-B9DD-4F69-B072-6389ED287A1F}"
EndProject
Project("{FAE04EC0-301F-11D3-BF4B-00C04F79EFBC}") = "SignalR.DtoLayer", "SignalR.DtoLayer\SignalR.DtoLayer.csproj", "{6957AFB3-86FE-404B-9F09-F1B7776EDBF2}"
EndProject
Project("{FAE04EC0-301F-11D3-BF4B-00C04F79EFBC}") = "SignalR.BusinessLayer", "SignalR.BusinessLayer\SignalR.BusinessLayer.csproj", "{F069534A-3838-4913-A5BE-801DD0C11611}"
EndProject
Global
	GlobalSection(SolutionConfigurationPlatforms) = preSolution
		Debug|Any CPU = Debug|Any CPU
		Release|Any CPU = Release|Any CPU
	EndGlobalSection
	GlobalSection(ProjectConfigurationPlatforms) = postSolution
		{B7432C42-2FEA-44F6-82F9-A40441C258AE}.Debug|Any CPU.ActiveCfg = Debug|Any CPU
		{B7432C42-2FEA-44F6-82F9-A40441C258AE}.Debug|Any CPU.Build.0 = Debug|Any CPU
		{B7432C42-2FEA-44F6-82F9-A40441C258AE}.Release|Any CPU.ActiveCfg = Release|Any CPU
		{B7432C42-2FEA-44F6-82F9-A40441C258AE}.Release|Any CPU.Build.0 = Release|Any CPU
		{91E7CC95-A84C-437B-BCD3-A80604732598}.Debug|Any CPU.ActiveCfg = Debug|Any CPU
		{91E7CC95-A84C-437B-BCD3-A80604732598}.Debug|Any CPU.Build.0 = Debug|Any CPU
		{91E7CC95-A84C-437B-BCD3-A80604732598}.Release|Any CPU.ActiveCfg = Release|Any CPU
		{91E7CC95-A84C-437B-BCD3-A80604732598}.Release|Any CPU.Build.0 = Release|Any CPU
		{41409375-3186-4180-93F2-F8B1D819AF77}.Debug|Any CPU.ActiveCfg = Debug|Any CPU
		{41409375-3186-4180-93F2-F8B1D819AF77}.Debug|Any CPU.Build.0 = Debug|Any CPU
		{41409375-3186-4180-93F2-F8B1D819AF77}.Release|Any CPU.ActiveCfg = Release|Any CPU
		{41409375-3186-4180-93F2-F8B1D819AF77}.Release|Any CPU.Build.0 = Release|Any CPU
		{502A80CA-B9DD-4F69-B072-6389ED287A1F}.Debug|Any CPU.ActiveCfg = Debug|Any CPU
		{502A80CA-B9DD-4F69-B072-6389ED287A1F}.Debug|Any CPU.Build.0 = Debug|Any CPU
		{502A80CA-B9DD-4F69-B072-6389ED287A1F}.Release|Any CPU.ActiveCfg = Release|Any CPU
		{502A80CA-B9DD-4F69-B072-6389ED287A1F}.Release|Any CPU.Build.0 = Release|Any CPU
		{6957AFB3-86FE-404B-9F09-F1B7776EDBF2}.Debug|Any CPU.ActiveCfg = Debug|Any CPU
		{6957AFB3-86FE-404B-9F09-F1B7776EDBF2}.Debug|Any CPU.Build.0 = Debug|Any CPU
		{6957AFB3-86FE-404B-9F09-F1B7776EDBF2}.Release|Any CPU.ActiveCfg = Release|Any CPU
		{6957AFB3-86FE-404B-9F09-F1B7776EDBF2}.Release|Any CPU.Build.0 = Release|Any CPU
		{F069534A-3838-4913-A5BE-801DD0C11611}.Debug|Any CPU.ActiveCfg = Debug|Any CPU
		{F069534A-3838-4913-A5BE-801DD0C11611}.Debug|Any CPU.Build.0 = Debug|Any CPU
		{F069534A-3838-4913-A5BE-801DD0C11611}.Release|Any CPU.ActiveCfg = Release|Any CPU
		{F069534A-3838-4913-A5BE-801DD0C11611}.Release|Any CPU.Build.0 = Release|Any CPU
	EndGlobalSection
	GlobalSection(SolutionProperties) = preSolution
		HideSolutionNode = FALSE
	EndGlobalSection
	GlobalSection(ExtensibilityGlobals) = postSolution
		SolutionGuid = {CB394854-9051-4FF6-8D15-8CCCA5837FCB}
	EndGlobalSection
EndGlobal
